
Microsoft Visual Studio Solution File, Format Version 11.00
# Visual Studio 2010
Project("{FAE04EC0-301F-11D3-BF4B-00C04F79EFBC}") = "4C Kids", "Assembly-CSharp.csproj", "{5AEE2C61-A52B-0B45-1B71-ED47BC69EA7B}"
EndProject
Global
	GlobalSection(SolutionConfigurationPlatforms) = preSolution
		Debug|Any CPU = Debug|Any CPU
		Release|Any CPU = Release|Any CPU
	EndGlobalSection
	GlobalSection(ProjectConfigurationPlatforms) = postSolution
		{5AEE2C61-A52B-0B45-1B71-ED47BC69EA7B}.Debug|Any CPU.ActiveCfg = Debug|Any CPU
		{5AEE2C61-A52B-0B45-1B71-ED47BC69EA7B}.Debug|Any CPU.Build.0 = Debug|Any CPU
		{5AEE2C61-A52B-0B45-1B71-ED47BC69EA7B}.Release|Any CPU.ActiveCfg = Release|Any CPU
		{5AEE2C61-A52B-0B45-1B71-ED47BC69EA7B}.Release|Any CPU.Build.0 = Release|Any CPU
	EndGlobalSection
	GlobalSection(SolutionProperties) = preSolution
		HideSolutionNode = FALSE
	EndGlobalSection
	GlobalSection(MonoDevelopProperties) = preSolution
		StartupItem = Assembly-CSharp.csproj
	EndGlobalSection
EndGlobal
